
Microsoft Visual Studio Solution File, Format Version 12.00
# Visual Studio 15
VisualStudioVersion = 15.0.27703.2047
MinimumVisualStudioVersion = 10.0.40219.1
Project("{FAE04EC0-301F-11D3-BF4B-00C04F79EFBC}") = "BIA01", "BIA01\BIA01.csproj", "{862B18C2-4024-4322-A740-0AE7CC503114}"
EndProject
Global
	GlobalSection(SolutionConfigurationPlatforms) = preSolution
		Debug|Any CPU = Debug|Any CPU
		Release|Any CPU = Release|Any CPU
	EndGlobalSection
	GlobalSection(ProjectConfigurationPlatforms) = postSolution
		{862B18C2-4024-4322-A740-0AE7CC503114}.Debug|Any CPU.ActiveCfg = Debug|Any CPU
		{862B18C2-4024-4322-A740-0AE7CC503114}.Debug|Any CPU.Build.0 = Debug|Any CPU
		{862B18C2-4024-4322-A740-0AE7CC503114}.Release|Any CPU.ActiveCfg = Release|Any CPU
		{862B18C2-4024-4322-A740-0AE7CC503114}.Release|Any CPU.Build.0 = Release|Any CPU
	EndGlobalSection
	GlobalSection(SolutionProperties) = preSolution
		HideSolutionNode = FALSE
	EndGlobalSection
	GlobalSection(ExtensibilityGlobals) = postSolution
		SolutionGuid = {E6404B49-8989-4E34-8F85-473E1444FE78}
	EndGlobalSection
EndGlobal
